
Microsoft Visual Studio Solution File, Format Version 12.00
# Visual Studio Version 16
VisualStudioVersion = 16.0.30907.101
MinimumVisualStudioVersion = 10.0.40219.1
Project("{9A19103F-16F7-4668-BE54-9A1E7A4F7556}") = "WebApplication", "WebApplication\WebApplication.csproj", "{D257C654-9E33-4C89-B459-BAE13D4DB191}"
EndProject
Global
	GlobalSection(SolutionConfigurationPlatforms) = preSolution
		Debug|Any CPU = Debug|Any CPU
		Release|Any CPU = Release|Any CPU
	EndGlobalSection
	GlobalSection(ProjectConfigurationPlatforms) = postSolution
		{D257C654-9E33-4C89-B459-BAE13D4DB191}.Debug|Any CPU.ActiveCfg = Debug|Any CPU
		{D257C654-9E33-4C89-B459-BAE13D4DB191}.Debug|Any CPU.Build.0 = Debug|Any CPU
		{D257C654-9E33-4C89-B459-BAE13D4DB191}.Release|Any CPU.ActiveCfg = Release|Any CPU
		{D257C654-9E33-4C89-B459-BAE13D4DB191}.Release|Any CPU.Build.0 = Release|Any CPU
	EndGlobalSection
	GlobalSection(SolutionProperties) = preSolution
		HideSolutionNode = FALSE
	EndGlobalSection
	GlobalSection(ExtensibilityGlobals) = postSolution
		SolutionGuid = {54DBD854-5A50-47A8-87B2-7DA699FEEDF1}
	EndGlobalSection
EndGlobal
